
Microsoft Visual Studio Solution File, Format Version 12.00
# Visual Studio Version 16
VisualStudioVersion = 16.0.29409.12
MinimumVisualStudioVersion = 10.0.40219.1
Project("{FAE04EC0-301F-11D3-BF4B-00C04F79EFBC}") = "ConsoleApp1", "ConsoleApp1\ConsoleApp1.csproj", "{24334B2F-54F6-4284-8030-5F3D2586083F}"
EndProject
Global
	GlobalSection(SolutionConfigurationPlatforms) = preSolution
		Debug|Any CPU = Debug|Any CPU
		Release|Any CPU = Release|Any CPU
	EndGlobalSection
	GlobalSection(ProjectConfigurationPlatforms) = postSolution
		{24334B2F-54F6-4284-8030-5F3D2586083F}.Debug|Any CPU.ActiveCfg = Debug|Any CPU
		{24334B2F-54F6-4284-8030-5F3D2586083F}.Debug|Any CPU.Build.0 = Debug|Any CPU
		{24334B2F-54F6-4284-8030-5F3D2586083F}.Release|Any CPU.ActiveCfg = Release|Any CPU
		{24334B2F-54F6-4284-8030-5F3D2586083F}.Release|Any CPU.Build.0 = Release|Any CPU
	EndGlobalSection
	GlobalSection(SolutionProperties) = preSolution
		HideSolutionNode = FALSE
	EndGlobalSection
	GlobalSection(ExtensibilityGlobals) = postSolution
		SolutionGuid = {9955C712-DB0F-4CCE-A4FA-26DDF57FEA26}
	EndGlobalSection
EndGlobal
